// !$*UTF8*$!
{
	archiveVersion = 1;
	classes = {
	};
	objectVersion = 50;
	objects = {

/* Begin PBXBuildFile section */
		3485D5B322337FC000650B80 /* AppDelegate.swift in Sources */ = {isa = PBXBuildFile; fileRef = 3485D5B222337FC000650B80 /* AppDelegate.swift */; };
		3485D5B522337FC000650B80 /* ViewController.swift in Sources */ = {isa = PBXBuildFile; fileRef = 3485D5B422337FC000650B80 /* ViewController.swift */; };
		3485D5B822337FC000650B80 /* Main.storyboard in Resources */ = {isa = PBXBuildFile; fileRef = 3485D5B622337FC000650B80 /* Main.storyboard */; };
		3485D5BA22337FC100650B80 /* Assets.xcassets in Resources */ = {isa = PBXBuildFile; fileRef = 3485D5B922337FC100650B80 /* Assets.xcassets */; };
		3485D5BD22337FC100650B80 /* LaunchScreen.storyboard in Resources */ = {isa = PBXBuildFile; fileRef = 3485D5BB22337FC100650B80 /* LaunchScreen.storyboard */; };
		3485D5C52233880500650B80 /* MapAlertViewController.swift in Sources */ = {isa = PBXBuildFile; fileRef = 3485D5C42233880500650B80 /* MapAlertViewController.swift */; };
		3485D5C722338FF600650B80 /* MapKitViewController.swift in Sources */ = {isa = PBXBuildFile; fileRef = 3485D5C622338FF600650B80 /* MapKitViewController.swift */; };
		3485D5CB223393D100650B80 /* note.png in Resources */ = {isa = PBXBuildFile; fileRef = 3485D5C9223393D100650B80 /* note.png */; };
		3485D5CC223393D100650B80 /* rating5@2x.png in Resources */ = {isa = PBXBuildFile; fileRef = 3485D5CA223393D100650B80 /* rating5@2x.png */; };
		3485D5CE223393EE00650B80 /* ImageViewController.swift in Sources */ = {isa = PBXBuildFile; fileRef = 3485D5CD223393EE00650B80 /* ImageViewController.swift */; };
		3485D5D02233995100650B80 /* ControlViewController.swift in Sources */ = {isa = PBXBuildFile; fileRef = 3485D5CF2233995100650B80 /* ControlViewController.swift */; };
		3485D5D222339D6100650B80 /* ListViewController.swift in Sources */ = {isa = PBXBuildFile; fileRef = 3485D5D122339D6100650B80 /* ListViewController.swift */; };
/* End PBXBuildFile section */

/* Begin PBXFileReference section */
		3485D5AF22337FC000650B80 /* CustomAlert_ios.app */ = {isa = PBXFileReference; explicitFileType = wrapper.application; includeInIndex = 0; path = CustomAlert_ios.app; sourceTree = BUILT_PRODUCTS_DIR; };
		3485D5B222337FC000650B80 /* AppDelegate.swift */ = {isa = PBXFileReference; lastKnownFileType = sourcecode.swift; path = AppDelegate.swift; sourceTree = "<group>"; };
		3485D5B422337FC000650B80 /* ViewController.swift */ = {isa = PBXFileReference; lastKnownFileType = sourcecode.swift; path = ViewController.swift; sourceTree = "<group>"; };
		3485D5B722337FC000650B80 /* Base */ = {isa = PBXFileReference; lastKnownFileType = file.storyboard; name = Base; path = Base.lproj/Main.storyboard; sourceTree = "<group>"; };
		3485D5B922337FC100650B80 /* Assets.xcassets */ = {isa = PBXFileReference; lastKnownFileType = folder.assetcatalog; path = Assets.xcassets; sourceTree = "<group>"; };
		3485D5BC22337FC100650B80 /* Base */ = {isa = PBXFileReference; lastKnownFileType = file.storyboard; name = Base; path = Base.lproj/LaunchScreen.storyboard; sourceTree = "<group>"; };
		3485D5BE22337FC100650B80 /* Info.plist */ = {isa = PBXFileReference; lastKnownFileType = text.plist.xml; path = Info.plist; sourceTree = "<group>"; };
		3485D5C42233880500650B80 /* MapAlertViewController.swift */ = {isa = PBXFileReference; lastKnownFileType = sourcecode.swift; path = MapAlertViewController.swift; sourceTree = "<group>"; };
		3485D5C622338FF600650B80 /* MapKitViewController.swift */ = {isa = PBXFileReference; lastKnownFileType = sourcecode.swift; path = MapKitViewController.swift; sourceTree = "<group>"; };
		3485D5C9223393D100650B80 /* note.png */ = {isa = PBXFileReference; lastKnownFileType = image.png; path = note.png; sourceTree = "<group>"; };
		3485D5CA223393D100650B80 /* rating5@2x.png */ = {isa = PBXFileReference; lastKnownFileType = image.png; path = "rating5@2x.png"; sourceTree = "<group>"; };
		3485D5CD223393EE00650B80 /* ImageViewController.swift */ = {isa = PBXFileReference; lastKnownFileType = sourcecode.swift; path = ImageViewController.swift; sourceTree = "<group>"; };
		3485D5CF2233995100650B80 /* ControlViewController.swift */ = {isa = PBXFileReference; lastKnownFileType = sourcecode.swift; path = ControlViewController.swift; sourceTree = "<group>"; };
		3485D5D122339D6100650B80 /* ListViewController.swift */ = {isa = PBXFileReference; lastKnownFileType = sourcecode.swift; path = ListViewController.swift; sourceTree = "<group>"; };
/* End PBXFileReference section */

/* Begin PBXFrameworksBuildPhase section */
		3485D5AC22337FC000650B80 /* Frameworks */ = {
			isa = PBXFrameworksBuildPhase;
			buildActionMask = 2147483647;
			files = (
			);
			runOnlyForDeploymentPostprocessing = 0;
		};
/* End PBXFrameworksBuildPhase section */

/* Begin PBXGroup section */
		3485D5A622337FC000650B80 = {
			isa = PBXGroup;
			children = (
				3485D5C8223393AE00650B80 /* Resources */,
				3485D5B122337FC000650B80 /* CustomAlert_ios */,
				3485D5B022337FC000650B80 /* Products */,
			);
			sourceTree = "<group>";
		};
		3485D5B022337FC000650B80 /* Products */ = {
			isa = PBXGroup;
			children = (
				3485D5AF22337FC000650B80 /* CustomAlert_ios.app */,
			);
			name = Products;
			sourceTree = "<group>";
		};
		3485D5B122337FC000650B80 /* CustomAlert_ios */ = {
			isa = PBXGroup;
			children = (
				3485D5B222337FC000650B80 /* AppDelegate.swift */,
				3485D5B422337FC000650B80 /* ViewController.swift */,
				3485D5B622337FC000650B80 /* Main.storyboard */,
				3485D5B922337FC100650B80 /* Assets.xcassets */,
				3485D5BB22337FC100650B80 /* LaunchScreen.storyboard */,
				3485D5BE22337FC100650B80 /* Info.plist */,
				3485D5C42233880500650B80 /* MapAlertViewController.swift */,
				3485D5C622338FF600650B80 /* MapKitViewController.swift */,
				3485D5CD223393EE00650B80 /* ImageViewController.swift */,
				3485D5CF2233995100650B80 /* ControlViewController.swift */,
				3485D5D122339D6100650B80 /* ListViewController.swift */,
			);
			path = CustomAlert_ios;
			sourceTree = "<group>";
		};
		3485D5C8223393AE00650B80 /* Resources */ = {
			isa = PBXGroup;
			children = (
				3485D5C9223393D100650B80 /* note.png */,
				3485D5CA223393D100650B80 /* rating5@2x.png */,
			);
			path = Resources;
			sourceTree = "<group>";
		};
/* End PBXGroup section */

/* Begin PBXNativeTarget section */
		3485D5AE22337FC000650B80 /* CustomAlert_ios */ = {
			isa = PBXNativeTarget;
			buildConfigurationList = 3485D5C122337FC100650B80 /* Build configuration list for PBXNativeTarget "CustomAlert_ios" */;
			buildPhases = (
				3485D5AB22337FC000650B80 /* Sources */,
				3485D5AC22337FC000650B80 /* Frameworks */,
				3485D5AD22337FC000650B80 /* Resources */,
			);
			buildRules = (
			);
			dependencies = (
			);
			name = CustomAlert_ios;
			productName = CustomAlert_ios;
			productReference = 3485D5AF22337FC000650B80 /* CustomAlert_ios.app */;
			productType = "com.apple.product-type.application";
		};
/* End PBXNativeTarget section */

/* Begin PBXProject section */
		3485D5A722337FC000650B80 /* Project object */ = {
			isa = PBXProject;
			attributes = {
				LastSwiftUpdateCheck = 1010;
				LastUpgradeCheck = 1010;
				ORGANIZATIONNAME = swift;
				TargetAttributes = {
					3485D5AE22337FC000650B80 = {
						CreatedOnToolsVersion = 10.1;
					};
				};
			};
			buildConfigurationList = 3485D5AA22337FC000650B80 /* Build configuration list for PBXProject "CustomAlert_ios" */;
			compatibilityVersion = "Xcode 9.3";
			developmentRegion = en;
			hasScannedForEncodings = 0;
			knownRegions = (
				en,
				Base,
			);
			mainGroup = 3485D5A622337FC000650B80;
			productRefGroup = 3485D5B022337FC000650B80 /* Products */;
			projectDirPath = "";
			projectRoot = "";
			targets = (
				3485D5AE22337FC000650B80 /* CustomAlert_ios */,
			);
		};
/* End PBXProject section */

/* Begin PBXResourcesBuildPhase section */
		3485D5AD22337FC000650B80 /* Resources */ = {
			isa = PBXResourcesBuildPhase;
			buildActionMask = 2147483647;
			files = (
				3485D5CC223393D100650B80 /* rating5@2x.png in Resources */,
				3485D5BD22337FC100650B80 /* LaunchScreen.storyboard in Resources */,
				3485D5CB223393D100650B80 /* note.png in Resources */,
				3485D5BA22337FC100650B80 /* Assets.xcassets in Resources */,
				3485D5B822337FC000650B80 /* Main.storyboard in Resources */,
			);
			runOnlyForDeploymentPostprocessing = 0;
		};
/* End PBXResourcesBuildPhase section */

/* Begin PBXSourcesBuildPhase section */
		3485D5AB22337FC000650B80 /* Sources */ = {
			isa = PBXSourcesBuildPhase;
			buildActionMask = 2147483647;
			files = (
				3485D5B522337FC000650B80 /* ViewController.swift in Sources */,
				3485D5B322337FC000650B80 /* AppDelegate.swift in Sources */,
				3485D5CE223393EE00650B80 /* ImageViewController.swift in Sources */,
				3485D5C722338FF600650B80 /* MapKitViewController.swift in Sources */,
				3485D5D02233995100650B80 /* ControlViewController.swift in Sources */,
				3485D5C52233880500650B80 /* MapAlertViewController.swift in Sources */,
				3485D5D222339D6100650B80 /* ListViewController.swift in Sources */,
			);
			runOnlyForDeploymentPostprocessing = 0;
		};
/* End PBXSourcesBuildPhase section */

/* Begin PBXVariantGroup section */
		3485D5B622337FC000650B80 /* Main.storyboard */ = {
			isa = PBXVariantGroup;
			children = (
				3485D5B722337FC000650B80 /* Base */,
			);
			name = Main.storyboard;
			sourceTree = "<group>";
		};
		3485D5BB22337FC100650B80 /* LaunchScreen.storyboard */ = {
			isa = PBXVariantGroup;
			children = (
				3485D5BC22337FC100650B80 /* Base */,
			);
			name = LaunchScreen.storyboard;
			sourceTree = "<group>";
		};
/* End PBXVariantGroup section */

/* Begin XCBuildConfiguration section */
		3485D5BF22337FC100650B80 /* Debug */ = {
			isa = XCBuildConfiguration;
			buildSettings = {
				ALWAYS_SEARCH_USER_PATHS = NO;
				CLANG_ANALYZER_NONNULL = YES;
				CLANG_ANALYZER_NUMBER_OBJECT_CONVERSION = YES_AGGRESSIVE;
				CLANG_CXX_LANGUAGE_STANDARD = "gnu++14";
				CLANG_CXX_LIBRARY = "libc++";
				CLANG_ENABLE_MODULES = YES;
				CLANG_ENABLE_OBJC_ARC = YES;
				CLANG_ENABLE_OBJC_WEAK = YES;
				CLANG_WARN_BLOCK_CAPTURE_AUTORELEASING = YES;
				CLANG_WARN_BOOL_CONVERSION = YES;
				CLANG_WARN_COMMA = YES;
				CLANG_WARN_CONSTANT_CONVERSION = YES;
				CLANG_WARN_DEPRECATED_OBJC_IMPLEMENTATIONS = YES;
				CLANG_WARN_DIRECT_OBJC_ISA_USAGE = YES_ERROR;
				CLANG_WARN_DOCUMENTATION_COMMENTS = YES;
				CLANG_WARN_EMPTY_BODY = YES;
				CLANG_WARN_ENUM_CONVERSION = YES;
				CLANG_WARN_INFINITE_RECURSION = YES;
				CLANG_WARN_INT_CONVERSION = YES;
				CLANG_WARN_NON_LITERAL_NULL_CONVERSION = YES;
				CLANG_WARN_OBJC_IMPLICIT_RETAIN_SELF = YES;
				CLANG_WARN_OBJC_LITERAL_CONVERSION = YES;
				CLANG_WARN_OBJC_ROOT_CLASS = YES_ERROR;
				CLANG_WARN_RANGE_LOOP_ANALYSIS = YES;
				CLANG_WARN_STRICT_PROTOTYPES = YES;
				CLANG_WARN_SUSPICIOUS_MOVE = YES;
				CLANG_WARN_UNGUARDED_AVAILABILITY = YES_AGGRESSIVE;
				CLANG_WARN_UNREACHABLE_CODE = YES;
				CLANG_WARN__DUPLICATE_METHOD_MATCH = YES;
				CODE_SIGN_IDENTITY = "iPhone Developer";
				COPY_PHASE_STRIP = NO;
				DEBUG_INFORMATION_FORMAT = dwarf;
				ENABLE_STRICT_OBJC_MSGSEND = YES;
				ENABLE_TESTABILITY = YES;
				GCC_C_LANGUAGE_STANDARD = gnu11;
				GCC_DYNAMIC_NO_PIC = NO;
				GCC_NO_COMMON_BLOCKS = YES;
				GCC_OPTIMIZATION_LEVEL = 0;
				GCC_PREPROCESSOR_DEFINITIONS = (
					"DEBUG=1",
					"$(inherited)",
				);
				GCC_WARN_64_TO_32_BIT_CONVERSION = YES;
				GCC_WARN_ABOUT_RETURN_TYPE = YES_ERROR;
				GCC_WARN_UNDECLARED_SELECTOR = YES;
				GCC_WARN_UNINITIALIZED_AUTOS = YES_AGGRESSIVE;
				GCC_WARN_UNUSED_FUNCTION = YES;
				GCC_WARN_UNUSED_VARIABLE = YES;
				IPHONEOS_DEPLOYMENT_TARGET = 12.1;
				MTL_ENABLE_DEBUG_INFO = INCLUDE_SOURCE;
				MTL_FAST_MATH = YES;
				ONLY_ACTIVE_ARCH = YES;
				SDKROOT = iphoneos;
				SWIFT_ACTIVE_COMPILATION_CONDITIONS = DEBUG;
				SWIFT_OPTIMIZATION_LEVEL = "-Onone";
			};
			name = Debug;
		};
		3485D5C022337FC100650B80 /* Release */ = {
			isa = XCBuildConfiguration;
			buildSettings = {
				ALWAYS_SEARCH_USER_PATHS = NO;
				CLANG_ANALYZER_NONNULL = YES;
				CLANG_ANALYZER_NUMBER_OBJECT_CONVERSION = YES_AGGRESSIVE;
				CLANG_CXX_LANGUAGE_STANDARD = "gnu++14";
				CLANG_CXX_LIBRARY = "libc++";
				CLANG_ENABLE_MODULES = YES;
				CLANG_ENABLE_OBJC_ARC = YES;
				CLANG_ENABLE_OBJC_WEAK = YES;
				CLANG_WARN_BLOCK_CAPTURE_AUTORELEASING = YES;
				CLANG_WARN_BOOL_CONVERSION = YES;
				CLANG_WARN_COMMA = YES;
				CLANG_WARN_CONSTANT_CONVERSION = YES;
				CLANG_WARN_DEPRECATED_OBJC_IMPLEMENTATIONS = YES;
				CLANG_WARN_DIRECT_OBJC_ISA_USAGE = YES_ERROR;
				CLANG_WARN_DOCUMENTATION_COMMENTS = YES;
				CLANG_WARN_EMPTY_BODY = YES;
				CLANG_WARN_ENUM_CONVERSION = YES;
				CLANG_WARN_INFINITE_RECURSION = YES;
				CLANG_WARN_INT_CONVERSION = YES;
				CLANG_WARN_NON_LITERAL_NULL_CONVERSION = YES;
				CLANG_WARN_OBJC_IMPLICIT_RETAIN_SELF = YES;
				CLANG_WARN_OBJC_LITERAL_CONVERSION = YES;
				CLANG_WARN_OBJC_ROOT_CLASS = YES_ERROR;
				CLANG_WARN_RANGE_LOOP_ANALYSIS = YES;
				CLANG_WARN_STRICT_PROTOTYPES = YES;
				CLANG_WARN_SUSPICIOUS_MOVE = YES;
				CLANG_WARN_UNGUARDED_AVAILABILITY = YES_AGGRESSIVE;
				CLANG_WARN_UNREACHABLE_CODE = YES;
				CLANG_WARN__DUPLICATE_METHOD_MATCH = YES;
				CODE_SIGN_IDENTITY = "iPhone Developer";
				COPY_PHASE_STRIP = NO;
				DEBUG_INFORMATION_FORMAT = "dwarf-with-dsym";
				ENABLE_NS_ASSERTIONS = NO;
				ENABLE_STRICT_OBJC_MSGSEND = YES;
				GCC_C_LANGUAGE_STANDARD = gnu11;
				GCC_NO_COMMON_BLOCKS = YES;
				GCC_WARN_64_TO_32_BIT_CONVERSION = YES;
				GCC_WARN_ABOUT_RETURN_TYPE = YES_ERROR;
				GCC_WARN_UNDECLARED_SELECTOR = YES;
				GCC_WARN_UNINITIALIZED_AUTOS = YES_AGGRESSIVE;
				GCC_WARN_UNUSED_FUNCTION = YES;
				GCC_WARN_UNUSED_VARIABLE = YES;
				IPHONEOS_DEPLOYMENT_TARGET = 12.1;
				MTL_ENABLE_DEBUG_INFO = NO;
				MTL_FAST_MATH = YES;
				SDKROOT = iphoneos;
				SWIFT_COMPILATION_MODE = wholemodule;
				SWIFT_OPTIMIZATION_LEVEL = "-O";
				VALIDATE_PRODUCT = YES;
			};
			name = Release;
		};
		3485D5C222337FC100650B80 /* Debug */ = {
			isa = XCBuildConfiguration;
			buildSettings = {
				ASSETCATALOG_COMPILER_APPICON_NAME = AppIcon;
				CODE_SIGN_STYLE = Automatic;
				DEVELOPMENT_TEAM = CD9GCQ8TBY;
				INFOPLIST_FILE = CustomAlert_ios/Info.plist;
				LD_RUNPATH_SEARCH_PATHS = (
					"$(inherited)",
					"@executable_path/Frameworks",
				);
				PRODUCT_BUNDLE_IDENTIFIER = "com.swift.junghoon.CustomAlert-ios";
				PRODUCT_NAME = "$(TARGET_NAME)";
				SWIFT_VERSION = 4.2;
				TARGETED_DEVICE_FAMILY = 1;
			};
			name = Debug;
		};
		3485D5C322337FC100650B80 /* Release */ = {
			isa = XCBuildConfiguration;
			buildSettings = {
				ASSETCATALOG_COMPILER_APPICON_NAME = AppIcon;
				CODE_SIGN_STYLE = Automatic;
				DEVELOPMENT_TEAM = CD9GCQ8TBY;
				INFOPLIST_FILE = CustomAlert_ios/Info.plist;
				LD_RUNPATH_SEARCH_PATHS = (
					"$(inherited)",
					"@executable_path/Frameworks",
				);
				PRODUCT_BUNDLE_IDENTIFIER = "com.swift.junghoon.CustomAlert-ios";
				PRODUCT_NAME = "$(TARGET_NAME)";
				SWIFT_VERSION = 4.2;
				TARGETED_DEVICE_FAMILY = 1;
			};
			name = Release;
		};
/* End XCBuildConfiguration section */

/* Begin XCConfigurationList section */
		3485D5AA22337FC000650B80 /* Build configuration list for PBXProject "CustomAlert_ios" */ = {
			isa = XCConfigurationList;
			buildConfigurations = (
				3485D5BF22337FC100650B80 /* Debug */,
				3485D5C022337FC100650B80 /* Release */,
			);
			defaultConfigurationIsVisible = 0;
			defaultConfigurationName = Release;
		};
		3485D5C122337FC100650B80 /* Build configuration list for PBXNativeTarget "CustomAlert_ios" */ = {
			isa = XCConfigurationList;
			buildConfigurations = (
				3485D5C222337FC100650B80 /* Debug */,
				3485D5C322337FC100650B80 /* Release */,
			);
			defaultConfigurationIsVisible = 0;
			defaultConfigurationName = Release;
		};
/* End XCConfigurationList section */
	};
	rootObject = 3485D5A722337FC000650B80 /* Project object */;
}
